// !$*UTF8*$!
{
	archiveVersion = 1;
	classes = {
	};
	objectVersion = 50;
	objects = {

/* Begin PBXBuildFile section */
		240F52D420EF998F003B80A7 /* main.m in Sources */ = {isa = PBXBuildFile; fileRef = 240F52D320EF998F003B80A7 /* main.m */; };
		240F52DC20EF99DC003B80A7 /* Person.m in Sources */ = {isa = PBXBuildFile; fileRef = 240F52DB20EF99DC003B80A7 /* Person.m */; };
		240F52DF20EF99E7003B80A7 /* Student.m in Sources */ = {isa = PBXBuildFile; fileRef = 240F52DE20EF99E7003B80A7 /* Student.m */; };
		247DCF0F20F7360D00FA5A19 /* IVarL.m in Sources */ = {isa = PBXBuildFile; fileRef = 247DCF0E20F7360D00FA5A19 /* IVarL.m */; };
		247DCF1220F7387800FA5A19 /* MethodL.m in Sources */ = {isa = PBXBuildFile; fileRef = 247DCF1120F7387800FA5A19 /* MethodL.m */; };
/* End PBXBuildFile section */

/* Begin PBXCopyFilesBuildPhase section */
		240F52CE20EF998F003B80A7 /* CopyFiles */ = {
			isa = PBXCopyFilesBuildPhase;
			buildActionMask = 2147483647;
			dstPath = /usr/share/man/man1/;
			dstSubfolderSpec = 0;
			files = (
			);
			runOnlyForDeploymentPostprocessing = 1;
		};
/* End PBXCopyFilesBuildPhase section */

/* Begin PBXFileReference section */
		240F52D020EF998F003B80A7 /* SuperClass */ = {isa = PBXFileReference; explicitFileType = "compiled.mach-o.executable"; includeInIndex = 0; path = SuperClass; sourceTree = BUILT_PRODUCTS_DIR; };
		240F52D320EF998F003B80A7 /* main.m */ = {isa = PBXFileReference; lastKnownFileType = sourcecode.c.objc; path = main.m; sourceTree = "<group>"; };
		240F52DA20EF99DC003B80A7 /* Person.h */ = {isa = PBXFileReference; lastKnownFileType = sourcecode.c.h; path = Person.h; sourceTree = "<group>"; };
		240F52DB20EF99DC003B80A7 /* Person.m */ = {isa = PBXFileReference; lastKnownFileType = sourcecode.c.objc; path = Person.m; sourceTree = "<group>"; };
		240F52DD20EF99E7003B80A7 /* Student.h */ = {isa = PBXFileReference; lastKnownFileType = sourcecode.c.h; path = Student.h; sourceTree = "<group>"; };
		240F52DE20EF99E7003B80A7 /* Student.m */ = {isa = PBXFileReference; lastKnownFileType = sourcecode.c.objc; path = Student.m; sourceTree = "<group>"; };
		2421C14B20F04BDB006F9756 /* Student.cpp */ = {isa = PBXFileReference; lastKnownFileType = sourcecode.cpp.cpp; path = Student.cpp; sourceTree = "<group>"; };
		247DCF0D20F7360D00FA5A19 /* IVarL.h */ = {isa = PBXFileReference; lastKnownFileType = sourcecode.c.h; path = IVarL.h; sourceTree = "<group>"; };
		247DCF0E20F7360D00FA5A19 /* IVarL.m */ = {isa = PBXFileReference; lastKnownFileType = sourcecode.c.objc; path = IVarL.m; sourceTree = "<group>"; };
		247DCF1020F7387800FA5A19 /* MethodL.h */ = {isa = PBXFileReference; lastKnownFileType = sourcecode.c.h; path = MethodL.h; sourceTree = "<group>"; };
		247DCF1120F7387800FA5A19 /* MethodL.m */ = {isa = PBXFileReference; lastKnownFileType = sourcecode.c.objc; path = MethodL.m; sourceTree = "<group>"; };
/* End PBXFileReference section */

/* Begin PBXFrameworksBuildPhase section */
		240F52CD20EF998F003B80A7 /* Frameworks */ = {
			isa = PBXFrameworksBuildPhase;
			buildActionMask = 2147483647;
			files = (
			);
			runOnlyForDeploymentPostprocessing = 0;
		};
/* End PBXFrameworksBuildPhase section */

/* Begin PBXGroup section */
		240F52C720EF998F003B80A7 = {
			isa = PBXGroup;
			children = (
				240F52D220EF998F003B80A7 /* SuperClass */,
				240F52D120EF998F003B80A7 /* Products */,
			);
			sourceTree = "<group>";
		};
		240F52D120EF998F003B80A7 /* Products */ = {
			isa = PBXGroup;
			children = (
				240F52D020EF998F003B80A7 /* SuperClass */,
			);
			name = Products;
			sourceTree = "<group>";
		};
		240F52D220EF998F003B80A7 /* SuperClass */ = {
			isa = PBXGroup;
			children = (
				2421C14B20F04BDB006F9756 /* Student.cpp */,
				240F52D320EF998F003B80A7 /* main.m */,
				247DCF0D20F7360D00FA5A19 /* IVarL.h */,
				247DCF0E20F7360D00FA5A19 /* IVarL.m */,
				247DCF1020F7387800FA5A19 /* MethodL.h */,
				247DCF1120F7387800FA5A19 /* MethodL.m */,
				240F52DA20EF99DC003B80A7 /* Person.h */,
				240F52DB20EF99DC003B80A7 /* Person.m */,
				240F52DD20EF99E7003B80A7 /* Student.h */,
				240F52DE20EF99E7003B80A7 /* Student.m */,
			);
			path = SuperClass;
			sourceTree = "<group>";
		};
/* End PBXGroup section */

/* Begin PBXNativeTarget section */
		240F52CF20EF998F003B80A7 /* SuperClass */ = {
			isa = PBXNativeTarget;
			buildConfigurationList = 240F52D720EF998F003B80A7 /* Build configuration list for PBXNativeTarget "SuperClass" */;
			buildPhases = (
				240F52CC20EF998F003B80A7 /* Sources */,
				240F52CD20EF998F003B80A7 /* Frameworks */,
				240F52CE20EF998F003B80A7 /* CopyFiles */,
			);
			buildRules = (
			);
			dependencies = (
			);
			name = SuperClass;
			productName = SuperClass;
			productReference = 240F52D020EF998F003B80A7 /* SuperClass */;
			productType = "com.apple.product-type.tool";
		};
/* End PBXNativeTarget section */

/* Begin PBXProject section */
		240F52C820EF998F003B80A7 /* Project object */ = {
			isa = PBXProject;
			attributes = {
				LastUpgradeCheck = 0940;
				ORGANIZATIONNAME = "大兵布莱恩特";
				TargetAttributes = {
					240F52CF20EF998F003B80A7 = {
						CreatedOnToolsVersion = 9.4.1;
					};
				};
			};
			buildConfigurationList = 240F52CB20EF998F003B80A7 /* Build configuration list for PBXProject "SuperClass" */;
			compatibilityVersion = "Xcode 9.3";
			developmentRegion = en;
			hasScannedForEncodings = 0;
			knownRegions = (
				en,
			);
			mainGroup = 240F52C720EF998F003B80A7;
			productRefGroup = 240F52D120EF998F003B80A7 /* Products */;
			projectDirPath = "";
			projectRoot = "";
			targets = (
				240F52CF20EF998F003B80A7 /* SuperClass */,
			);
		};
/* End PBXProject section */

/* Begin PBXSourcesBuildPhase section */
		240F52CC20EF998F003B80A7 /* Sources */ = {
			isa = PBXSourcesBuildPhase;
			buildActionMask = 2147483647;
			files = (
				247DCF0F20F7360D00FA5A19 /* IVarL.m in Sources */,
				240F52DC20EF99DC003B80A7 /* Person.m in Sources */,
				247DCF1220F7387800FA5A19 /* MethodL.m in Sources */,
				240F52D420EF998F003B80A7 /* main.m in Sources */,
				240F52DF20EF99E7003B80A7 /* Student.m in Sources */,
			);
			runOnlyForDeploymentPostprocessing = 0;
		};
/* End PBXSourcesBuildPhase section */

/* Begin XCBuildConfiguration section */
		240F52D520EF998F003B80A7 /* Debug */ = {
			isa = XCBuildConfiguration;
			buildSettings = {
				ALWAYS_SEARCH_USER_PATHS = NO;
				CLANG_ANALYZER_NONNULL = YES;
				CLANG_ANALYZER_NUMBER_OBJECT_CONVERSION = YES_AGGRESSIVE;
				CLANG_CXX_LANGUAGE_STANDARD = "gnu++14";
				CLANG_CXX_LIBRARY = "libc++";
				CLANG_ENABLE_MODULES = YES;
				CLANG_ENABLE_OBJC_ARC = YES;
				CLANG_ENABLE_OBJC_WEAK = YES;
				CLANG_WARN_BLOCK_CAPTURE_AUTORELEASING = YES;
				CLANG_WARN_BOOL_CONVERSION = YES;
				CLANG_WARN_COMMA = YES;
				CLANG_WARN_CONSTANT_CONVERSION = YES;
				CLANG_WARN_DEPRECATED_OBJC_IMPLEMENTATIONS = YES;
				CLANG_WARN_DIRECT_OBJC_ISA_USAGE = YES_ERROR;
				CLANG_WARN_DOCUMENTATION_COMMENTS = YES;
				CLANG_WARN_EMPTY_BODY = YES;
				CLANG_WARN_ENUM_CONVERSION = YES;
				CLANG_WARN_INFINITE_RECURSION = YES;
				CLANG_WARN_INT_CONVERSION = YES;
				CLANG_WARN_NON_LITERAL_NULL_CONVERSION = YES;
				CLANG_WARN_OBJC_IMPLICIT_RETAIN_SELF = YES;
				CLANG_WARN_OBJC_LITERAL_CONVERSION = YES;
				CLANG_WARN_OBJC_ROOT_CLASS = YES_ERROR;
				CLANG_WARN_RANGE_LOOP_ANALYSIS = YES;
				CLANG_WARN_STRICT_PROTOTYPES = YES;
				CLANG_WARN_SUSPICIOUS_MOVE = YES;
				CLANG_WARN_UNGUARDED_AVAILABILITY = YES_AGGRESSIVE;
				CLANG_WARN_UNREACHABLE_CODE = YES;
				CLANG_WARN__DUPLICATE_METHOD_MATCH = YES;
				CODE_SIGN_IDENTITY = "-";
				COPY_PHASE_STRIP = NO;
				DEBUG_INFORMATION_FORMAT = dwarf;
				ENABLE_STRICT_OBJC_MSGSEND = YES;
				ENABLE_TESTABILITY = YES;
				GCC_C_LANGUAGE_STANDARD = gnu11;
				GCC_DYNAMIC_NO_PIC = NO;
				GCC_NO_COMMON_BLOCKS = YES;
				GCC_OPTIMIZATION_LEVEL = 0;
				GCC_PREPROCESSOR_DEFINITIONS = (
					"DEBUG=1",
					"$(inherited)",
				);
				GCC_WARN_64_TO_32_BIT_CONVERSION = YES;
				GCC_WARN_ABOUT_RETURN_TYPE = YES_ERROR;
				GCC_WARN_UNDECLARED_SELECTOR = YES;
				GCC_WARN_UNINITIALIZED_AUTOS = YES_AGGRESSIVE;
				GCC_WARN_UNUSED_FUNCTION = YES;
				GCC_WARN_UNUSED_VARIABLE = YES;
				MACOSX_DEPLOYMENT_TARGET = 10.14;
				MTL_ENABLE_DEBUG_INFO = YES;
				ONLY_ACTIVE_ARCH = YES;
				SDKROOT = macosx;
			};
			name = Debug;
		};
		240F52D620EF998F003B80A7 /* Release */ = {
			isa = XCBuildConfiguration;
			buildSettings = {
				ALWAYS_SEARCH_USER_PATHS = NO;
				CLANG_ANALYZER_NONNULL = YES;
				CLANG_ANALYZER_NUMBER_OBJECT_CONVERSION = YES_AGGRESSIVE;
				CLANG_CXX_LANGUAGE_STANDARD = "gnu++14";
				CLANG_CXX_LIBRARY = "libc++";
				CLANG_ENABLE_MODULES = YES;
				CLANG_ENABLE_OBJC_ARC = YES;
				CLANG_ENABLE_OBJC_WEAK = YES;
				CLANG_WARN_BLOCK_CAPTURE_AUTORELEASING = YES;
				CLANG_WARN_BOOL_CONVERSION = YES;
				CLANG_WARN_COMMA = YES;
				CLANG_WARN_CONSTANT_CONVERSION = YES;
				CLANG_WARN_DEPRECATED_OBJC_IMPLEMENTATIONS = YES;
				CLANG_WARN_DIRECT_OBJC_ISA_USAGE = YES_ERROR;
				CLANG_WARN_DOCUMENTATION_COMMENTS = YES;
				CLANG_WARN_EMPTY_BODY = YES;
				CLANG_WARN_ENUM_CONVERSION = YES;
				CLANG_WARN_INFINITE_RECURSION = YES;
				CLANG_WARN_INT_CONVERSION = YES;
				CLANG_WARN_NON_LITERAL_NULL_CONVERSION = YES;
				CLANG_WARN_OBJC_IMPLICIT_RETAIN_SELF = YES;
				CLANG_WARN_OBJC_LITERAL_CONVERSION = YES;
				CLANG_WARN_OBJC_ROOT_CLASS = YES_ERROR;
				CLANG_WARN_RANGE_LOOP_ANALYSIS = YES;
				CLANG_WARN_STRICT_PROTOTYPES = YES;
				CLANG_WARN_SUSPICIOUS_MOVE = YES;
				CLANG_WARN_UNGUARDED_AVAILABILITY = YES_AGGRESSIVE;
				CLANG_WARN_UNREACHABLE_CODE = YES;
				CLANG_WARN__DUPLICATE_METHOD_MATCH = YES;
				CODE_SIGN_IDENTITY = "-";
				COPY_PHASE_STRIP = NO;
				DEBUG_INFORMATION_FORMAT = "dwarf-with-dsym";
				ENABLE_NS_ASSERTIONS = NO;
				ENABLE_STRICT_OBJC_MSGSEND = YES;
				GCC_C_LANGUAGE_STANDARD = gnu11;
				GCC_NO_COMMON_BLOCKS = YES;
				GCC_WARN_64_TO_32_BIT_CONVERSION = YES;
				GCC_WARN_ABOUT_RETURN_TYPE = YES_ERROR;
				GCC_WARN_UNDECLARED_SELECTOR = YES;
				GCC_WARN_UNINITIALIZED_AUTOS = YES_AGGRESSIVE;
				GCC_WARN_UNUSED_FUNCTION = YES;
				GCC_WARN_UNUSED_VARIABLE = YES;
				MACOSX_DEPLOYMENT_TARGET = 10.14;
				MTL_ENABLE_DEBUG_INFO = NO;
				SDKROOT = macosx;
			};
			name = Release;
		};
		240F52D820EF998F003B80A7 /* Debug */ = {
			isa = XCBuildConfiguration;
			buildSettings = {
				CODE_SIGN_STYLE = Automatic;
				ENABLE_STRICT_OBJC_MSGSEND = NO;
				PRODUCT_NAME = "$(TARGET_NAME)";
			};
			name = Debug;
		};
		240F52D920EF998F003B80A7 /* Release */ = {
			isa = XCBuildConfiguration;
			buildSettings = {
				CODE_SIGN_STYLE = Automatic;
				ENABLE_STRICT_OBJC_MSGSEND = NO;
				PRODUCT_NAME = "$(TARGET_NAME)";
			};
			name = Release;
		};
/* End XCBuildConfiguration section */

/* Begin XCConfigurationList section */
		240F52CB20EF998F003B80A7 /* Build configuration list for PBXProject "SuperClass" */ = {
			isa = XCConfigurationList;
			buildConfigurations = (
				240F52D520EF998F003B80A7 /* Debug */,
				240F52D620EF998F003B80A7 /* Release */,
			);
			defaultConfigurationIsVisible = 0;
			defaultConfigurationName = Release;
		};
		240F52D720EF998F003B80A7 /* Build configuration list for PBXNativeTarget "SuperClass" */ = {
			isa = XCConfigurationList;
			buildConfigurations = (
				240F52D820EF998F003B80A7 /* Debug */,
				240F52D920EF998F003B80A7 /* Release */,
			);
			defaultConfigurationIsVisible = 0;
			defaultConfigurationName = Release;
		};
/* End XCConfigurationList section */
	};
	rootObject = 240F52C820EF998F003B80A7 /* Project object */;
}
